
Microsoft Visual Studio Solution File, Format Version 12.00
# Visual Studio Version 17
VisualStudioVersion = 17.4.33213.308
MinimumVisualStudioVersion = 10.0.40219.1
Project("{9A19103F-16F7-4668-BE54-9A1E7A4F7556}") = "API", "API\API.csproj", "{EB716A8A-3AC6-4A16-B154-4FF8DC7FE7F6}"
EndProject
Project("{9A19103F-16F7-4668-BE54-9A1E7A4F7556}") = "Database", "Database\Database.csproj", "{687CFDB9-34C1-4151-8976-176CC52E3853}"
EndProject
Project("{FAE04EC0-301F-11D3-BF4B-00C04F79EFBC}") = "Shared", "Shared\Shared.csproj", "{CAF606EB-2AC8-4150-BE56-D8518BBE4724}"
EndProject
Global
	GlobalSection(SolutionConfigurationPlatforms) = preSolution
		Debug|Any CPU = Debug|Any CPU
		Release|Any CPU = Release|Any CPU
	EndGlobalSection
	GlobalSection(ProjectConfigurationPlatforms) = postSolution
		{EB716A8A-3AC6-4A16-B154-4FF8DC7FE7F6}.Debug|Any CPU.ActiveCfg = Debug|Any CPU
		{EB716A8A-3AC6-4A16-B154-4FF8DC7FE7F6}.Debug|Any CPU.Build.0 = Debug|Any CPU
		{EB716A8A-3AC6-4A16-B154-4FF8DC7FE7F6}.Release|Any CPU.ActiveCfg = Release|Any CPU
		{EB716A8A-3AC6-4A16-B154-4FF8DC7FE7F6}.Release|Any CPU.Build.0 = Release|Any CPU
		{687CFDB9-34C1-4151-8976-176CC52E3853}.Debug|Any CPU.ActiveCfg = Debug|Any CPU
		{687CFDB9-34C1-4151-8976-176CC52E3853}.Debug|Any CPU.Build.0 = Debug|Any CPU
		{687CFDB9-34C1-4151-8976-176CC52E3853}.Release|Any CPU.ActiveCfg = Release|Any CPU
		{687CFDB9-34C1-4151-8976-176CC52E3853}.Release|Any CPU.Build.0 = Release|Any CPU
		{CAF606EB-2AC8-4150-BE56-D8518BBE4724}.Debug|Any CPU.ActiveCfg = Debug|Any CPU
		{CAF606EB-2AC8-4150-BE56-D8518BBE4724}.Debug|Any CPU.Build.0 = Debug|Any CPU
		{CAF606EB-2AC8-4150-BE56-D8518BBE4724}.Release|Any CPU.ActiveCfg = Release|Any CPU
		{CAF606EB-2AC8-4150-BE56-D8518BBE4724}.Release|Any CPU.Build.0 = Release|Any CPU
	EndGlobalSection
	GlobalSection(SolutionProperties) = preSolution
		HideSolutionNode = FALSE
	EndGlobalSection
	GlobalSection(ExtensibilityGlobals) = postSolution
		SolutionGuid = {9786271C-1F68-42B7-9C5B-31E590E78552}
	EndGlobalSection
EndGlobal
